
Microsoft Visual Studio Solution File, Format Version 11.00
# Visual Web Developer Express 2010
Project("{FAE04EC0-301F-11D3-BF4B-00C04F79EFBC}") = "NCSIServ", "NCSIServ\NCSIServ.csproj", "{0FCAFF80-75A7-4EFC-BA18-E8198DFDF964}"
EndProject
Global
	GlobalSection(SolutionConfigurationPlatforms) = preSolution
		Debug|Any CPU = Debug|Any CPU
		Release|Any CPU = Release|Any CPU
	EndGlobalSection
	GlobalSection(ProjectConfigurationPlatforms) = postSolution
		{0FCAFF80-75A7-4EFC-BA18-E8198DFDF964}.Debug|Any CPU.ActiveCfg = Debug|Any CPU
		{0FCAFF80-75A7-4EFC-BA18-E8198DFDF964}.Debug|Any CPU.Build.0 = Debug|Any CPU
		{0FCAFF80-75A7-4EFC-BA18-E8198DFDF964}.Release|Any CPU.ActiveCfg = Release|Any CPU
		{0FCAFF80-75A7-4EFC-BA18-E8198DFDF964}.Release|Any CPU.Build.0 = Release|Any CPU
	EndGlobalSection
	GlobalSection(SolutionProperties) = preSolution
		HideSolutionNode = FALSE
	EndGlobalSection
EndGlobal
